
Microsoft Visual Studio Solution File, Format Version 12.00
# Visual Studio Version 16
VisualStudioVersion = 16.0.810.14
MinimumVisualStudioVersion = 10.0.40219.1
Project("{FAE04EC0-301F-11D3-BF4B-00C04F79EFBC}") = "CobaGitBaru", "CobaGitBaru\CobaGitBaru.csproj", "{DA6A9D3A-36DE-4F05-B5BB-0808EB60C7B7}"
EndProject
Global
	GlobalSection(SolutionConfigurationPlatforms) = preSolution
		Debug|Any CPU = Debug|Any CPU
		Release|Any CPU = Release|Any CPU
	EndGlobalSection
	GlobalSection(ProjectConfigurationPlatforms) = postSolution
		{DA6A9D3A-36DE-4F05-B5BB-0808EB60C7B7}.Debug|Any CPU.ActiveCfg = Debug|Any CPU
		{DA6A9D3A-36DE-4F05-B5BB-0808EB60C7B7}.Debug|Any CPU.Build.0 = Debug|Any CPU
		{DA6A9D3A-36DE-4F05-B5BB-0808EB60C7B7}.Release|Any CPU.ActiveCfg = Release|Any CPU
		{DA6A9D3A-36DE-4F05-B5BB-0808EB60C7B7}.Release|Any CPU.Build.0 = Release|Any CPU
	EndGlobalSection
	GlobalSection(SolutionProperties) = preSolution
		HideSolutionNode = FALSE
	EndGlobalSection
	GlobalSection(ExtensibilityGlobals) = postSolution
		SolutionGuid = {E7760DFF-1A29-444C-807D-A8F44862DD60}
	EndGlobalSection
EndGlobal
