
Microsoft Visual Studio Solution File, Format Version 12.00
# Visual Studio Version 16
VisualStudioVersion = 16.0.810.14
MinimumVisualStudioVersion = 10.0.40219.1
Project("{FAE04EC0-301F-11D3-BF4B-00C04F79EFBC}") = "GitBaru", "GitBaru\GitBaru.csproj", "{6725E002-CD19-4D98-BEBA-C87950568221}"
EndProject
Global
	GlobalSection(SolutionConfigurationPlatforms) = preSolution
		Debug|Any CPU = Debug|Any CPU
		Release|Any CPU = Release|Any CPU
	EndGlobalSection
	GlobalSection(ProjectConfigurationPlatforms) = postSolution
		{6725E002-CD19-4D98-BEBA-C87950568221}.Debug|Any CPU.ActiveCfg = Debug|Any CPU
		{6725E002-CD19-4D98-BEBA-C87950568221}.Debug|Any CPU.Build.0 = Debug|Any CPU
		{6725E002-CD19-4D98-BEBA-C87950568221}.Release|Any CPU.ActiveCfg = Release|Any CPU
		{6725E002-CD19-4D98-BEBA-C87950568221}.Release|Any CPU.Build.0 = Release|Any CPU
	EndGlobalSection
	GlobalSection(SolutionProperties) = preSolution
		HideSolutionNode = FALSE
	EndGlobalSection
	GlobalSection(ExtensibilityGlobals) = postSolution
		SolutionGuid = {2F48D984-5113-4F1A-83E9-AF1A6961883E}
	EndGlobalSection
EndGlobal
